{
  "nodes": {
    "nixpkgs": {
      "locked": {
        "lastModified": 1644486793,
        "narHash": "sha256-EeijR4guVHgVv+JpOX3cQO+1XdrkJfGmiJ9XVsVU530=",
        "owner": "NixOS",
        "repo": "nixpkgs",
        "rev": "1882c6b7368fd284ad01b0a5b5601ef136321292",
        "type": "github"
      },
      "original": {
        "id": "nixpkgs",
        "type": "indirect"
      }
    },
    "root": {
      "inputs": {
        "nixpkgs": "nixpkgs",
        "thing": "thing"
      }
    },
    "thing": {
      "flake": false,
      "locked": {
        "narHash": "sha256-VDErrvDqdsDqRbYzNIWN+rzFs+7tUGTkQ6gs87jhXcI=",
        "type": "value",
        "value": "mething233"
      },
      "original": {
        "type": "value",
        "value": "mething233"
      }
    }
  },
  "root": "root",
  "version": 7
}
